
Microsoft Visual Studio Solution File, Format Version 12.00
# Visual Studio Version 16
VisualStudioVersion = 16.0.31729.503
MinimumVisualStudioVersion = 10.0.40219.1
Project("{8BC9CEB8-8B4A-11D0-8D11-00A0C91BC942}") = "path_finder", "path_finder.vcxproj", "{B44C1D90-DD76-478D-80E4-61AE27D2E380}"
EndProject
Global
	GlobalSection(SolutionConfigurationPlatforms) = preSolution
		Debug|x64 = Debug|x64
		Debug|x86 = Debug|x86
		Release|x64 = Release|x64
		Release|x86 = Release|x86
	EndGlobalSection
	GlobalSection(ProjectConfigurationPlatforms) = postSolution
		{B44C1D90-DD76-478D-80E4-61AE27D2E380}.Debug|x64.ActiveCfg = Debug|x64
		{B44C1D90-DD76-478D-80E4-61AE27D2E380}.Debug|x64.Build.0 = Debug|x64
		{B44C1D90-DD76-478D-80E4-61AE27D2E380}.Debug|x86.ActiveCfg = Debug|Win32
		{B44C1D90-DD76-478D-80E4-61AE27D2E380}.Debug|x86.Build.0 = Debug|Win32
		{B44C1D90-DD76-478D-80E4-61AE27D2E380}.Release|x64.ActiveCfg = Release|x64
		{B44C1D90-DD76-478D-80E4-61AE27D2E380}.Release|x64.Build.0 = Release|x64
		{B44C1D90-DD76-478D-80E4-61AE27D2E380}.Release|x86.ActiveCfg = Release|Win32
		{B44C1D90-DD76-478D-80E4-61AE27D2E380}.Release|x86.Build.0 = Release|Win32
	EndGlobalSection
	GlobalSection(SolutionProperties) = preSolution
		HideSolutionNode = FALSE
	EndGlobalSection
	GlobalSection(ExtensibilityGlobals) = postSolution
		SolutionGuid = {0B27A8A8-1BD8-4584-B8A9-A76AA80DE47B}
	EndGlobalSection
EndGlobal
